
Microsoft Visual Studio Solution File, Format Version 12.00
# Visual Studio Version 16
VisualStudioVersion = 16.0.31727.386
MinimumVisualStudioVersion = 10.0.40219.1
Project("{FAE04EC0-301F-11D3-BF4B-00C04F79EFBC}") = "EBSExcelOkumaClass", "EBSExcelOkumaClass.csproj", "{1C3EC8AD-D1FF-4FFA-B79F-908FCBA27898}"
EndProject
Global
	GlobalSection(SolutionConfigurationPlatforms) = preSolution
		Debug|Any CPU = Debug|Any CPU
		Release|Any CPU = Release|Any CPU
	EndGlobalSection
	GlobalSection(ProjectConfigurationPlatforms) = postSolution
		{1C3EC8AD-D1FF-4FFA-B79F-908FCBA27898}.Debug|Any CPU.ActiveCfg = Debug|Any CPU
		{1C3EC8AD-D1FF-4FFA-B79F-908FCBA27898}.Debug|Any CPU.Build.0 = Debug|Any CPU
		{1C3EC8AD-D1FF-4FFA-B79F-908FCBA27898}.Release|Any CPU.ActiveCfg = Release|Any CPU
		{1C3EC8AD-D1FF-4FFA-B79F-908FCBA27898}.Release|Any CPU.Build.0 = Release|Any CPU
	EndGlobalSection
	GlobalSection(SolutionProperties) = preSolution
		HideSolutionNode = FALSE
	EndGlobalSection
	GlobalSection(ExtensibilityGlobals) = postSolution
		SolutionGuid = {631FBE13-5D7B-4F19-9B3E-2D7265127B52}
	EndGlobalSection
EndGlobal
